
Microsoft Visual Studio Solution File, Format Version 12.00
# Visual Studio 14
VisualStudioVersion = 14.0.25420.1
MinimumVisualStudioVersion = 10.0.40219.1
Project("{8BC9CEB8-8B4A-11D0-8D11-00A0C91BC942}") = "luafilesystem_dll", "luafilesystem_dll.vcxproj", "{283D2BB4-1EF1-4343-B28D-3158E7AF101C}"
EndProject
Global
	GlobalSection(SolutionConfigurationPlatforms) = preSolution
		Debug|x64 = Debug|x64
		Debug|x86 = Debug|x86
		Debug-Lua53|x64 = Debug-Lua53|x64
		Debug-Lua53|x86 = Debug-Lua53|x86
		Release|x64 = Release|x64
		Release|x86 = Release|x86
		Release-Lua53|x64 = Release-Lua53|x64
		Release-Lua53|x86 = Release-Lua53|x86
	EndGlobalSection
	GlobalSection(ProjectConfigurationPlatforms) = postSolution
		{283D2BB4-1EF1-4343-B28D-3158E7AF101C}.Debug|x64.ActiveCfg = Debug|x64
		{283D2BB4-1EF1-4343-B28D-3158E7AF101C}.Debug|x64.Build.0 = Debug|x64
		{283D2BB4-1EF1-4343-B28D-3158E7AF101C}.Debug|x86.ActiveCfg = Debug|Win32
		{283D2BB4-1EF1-4343-B28D-3158E7AF101C}.Debug|x86.Build.0 = Debug|Win32
		{283D2BB4-1EF1-4343-B28D-3158E7AF101C}.Debug-Lua53|x64.ActiveCfg = Debug-Lua53|x64
		{283D2BB4-1EF1-4343-B28D-3158E7AF101C}.Debug-Lua53|x64.Build.0 = Debug-Lua53|x64
		{283D2BB4-1EF1-4343-B28D-3158E7AF101C}.Debug-Lua53|x86.ActiveCfg = Debug-Lua53|Win32
		{283D2BB4-1EF1-4343-B28D-3158E7AF101C}.Release|x64.ActiveCfg = Release|x64
		{283D2BB4-1EF1-4343-B28D-3158E7AF101C}.Release|x64.Build.0 = Release|x64
		{283D2BB4-1EF1-4343-B28D-3158E7AF101C}.Release|x86.ActiveCfg = Release|Win32
		{283D2BB4-1EF1-4343-B28D-3158E7AF101C}.Release|x86.Build.0 = Release|Win32
		{283D2BB4-1EF1-4343-B28D-3158E7AF101C}.Release-Lua53|x64.ActiveCfg = Release-Lua53|x64
		{283D2BB4-1EF1-4343-B28D-3158E7AF101C}.Release-Lua53|x64.Build.0 = Release-Lua53|x64
		{283D2BB4-1EF1-4343-B28D-3158E7AF101C}.Release-Lua53|x86.ActiveCfg = Release-Lua53|Win32
	EndGlobalSection
	GlobalSection(SolutionProperties) = preSolution
		HideSolutionNode = FALSE
	EndGlobalSection
EndGlobal
